
Microsoft Visual Studio Solution File, Format Version 12.00
# Visual Studio Version 17
VisualStudioVersion = 17.9.34622.214
MinimumVisualStudioVersion = 10.0.40219.1
Project("{9A19103F-16F7-4668-BE54-9A1E7A4F7556}") = "MyNUnit", "MyNUnit.csproj", "{DDC468E4-A477-4006-ADB1-5722668A70F3}"
EndProject
Project("{FAE04EC0-301F-11D3-BF4B-00C04F79EFBC}") = "Attributes", "..\Attributes\Attributes.csproj", "{9F4EF5E4-0C97-4218-8FBB-E0EA55F92C15}"
EndProject
Project("{FAE04EC0-301F-11D3-BF4B-00C04F79EFBC}") = "TestExamples", "..\TestExamples\TestExamples.csproj", "{22E0FCC7-675E-4D10-843F-D5D4F8419A08}"
EndProject
Project("{FAE04EC0-301F-11D3-BF4B-00C04F79EFBC}") = "TestMyNUnit", "..\TestMyNUnit\TestMyNUnit.csproj", "{40170B3B-5D96-49CA-BF7D-47243F9B8AA7}"
EndProject
Global
	GlobalSection(SolutionConfigurationPlatforms) = preSolution
		Debug|Any CPU = Debug|Any CPU
		Release|Any CPU = Release|Any CPU
	EndGlobalSection
	GlobalSection(ProjectConfigurationPlatforms) = postSolution
		{DDC468E4-A477-4006-ADB1-5722668A70F3}.Debug|Any CPU.ActiveCfg = Debug|Any CPU
		{DDC468E4-A477-4006-ADB1-5722668A70F3}.Debug|Any CPU.Build.0 = Debug|Any CPU
		{DDC468E4-A477-4006-ADB1-5722668A70F3}.Release|Any CPU.ActiveCfg = Release|Any CPU
		{DDC468E4-A477-4006-ADB1-5722668A70F3}.Release|Any CPU.Build.0 = Release|Any CPU
		{9F4EF5E4-0C97-4218-8FBB-E0EA55F92C15}.Debug|Any CPU.ActiveCfg = Debug|Any CPU
		{9F4EF5E4-0C97-4218-8FBB-E0EA55F92C15}.Debug|Any CPU.Build.0 = Debug|Any CPU
		{9F4EF5E4-0C97-4218-8FBB-E0EA55F92C15}.Release|Any CPU.ActiveCfg = Release|Any CPU
		{9F4EF5E4-0C97-4218-8FBB-E0EA55F92C15}.Release|Any CPU.Build.0 = Release|Any CPU
		{22E0FCC7-675E-4D10-843F-D5D4F8419A08}.Debug|Any CPU.ActiveCfg = Debug|Any CPU
		{22E0FCC7-675E-4D10-843F-D5D4F8419A08}.Debug|Any CPU.Build.0 = Debug|Any CPU
		{22E0FCC7-675E-4D10-843F-D5D4F8419A08}.Release|Any CPU.ActiveCfg = Release|Any CPU
		{22E0FCC7-675E-4D10-843F-D5D4F8419A08}.Release|Any CPU.Build.0 = Release|Any CPU
		{40170B3B-5D96-49CA-BF7D-47243F9B8AA7}.Debug|Any CPU.ActiveCfg = Debug|Any CPU
		{40170B3B-5D96-49CA-BF7D-47243F9B8AA7}.Debug|Any CPU.Build.0 = Debug|Any CPU
		{40170B3B-5D96-49CA-BF7D-47243F9B8AA7}.Release|Any CPU.ActiveCfg = Release|Any CPU
		{40170B3B-5D96-49CA-BF7D-47243F9B8AA7}.Release|Any CPU.Build.0 = Release|Any CPU
	EndGlobalSection
	GlobalSection(SolutionProperties) = preSolution
		HideSolutionNode = FALSE
	EndGlobalSection
	GlobalSection(ExtensibilityGlobals) = postSolution
		SolutionGuid = {AD406E8A-4F07-459F-9601-1FF899936A7B}
	EndGlobalSection
EndGlobal
