
Microsoft Visual Studio Solution File, Format Version 12.00
# Visual Studio Version 17
VisualStudioVersion = 17.9.34622.214
MinimumVisualStudioVersion = 10.0.40219.1
Project("{FAE04EC0-301F-11D3-BF4B-00C04F79EFBC}") = "MatrixMultiplication", "MatrixMultiplication.csproj", "{613DCD62-EEAE-4CF2-861F-16CE3B527495}"
EndProject
Project("{FAE04EC0-301F-11D3-BF4B-00C04F79EFBC}") = "TestMatrixMultiplication", "..\TestMatrixMultiplication\TestMatrixMultiplication.csproj", "{F1D1A1D5-9317-4B97-8015-A66834560BDA}"
EndProject
Global
	GlobalSection(SolutionConfigurationPlatforms) = preSolution
		Debug|Any CPU = Debug|Any CPU
		Release|Any CPU = Release|Any CPU
	EndGlobalSection
	GlobalSection(ProjectConfigurationPlatforms) = postSolution
		{613DCD62-EEAE-4CF2-861F-16CE3B527495}.Debug|Any CPU.ActiveCfg = Debug|Any CPU
		{613DCD62-EEAE-4CF2-861F-16CE3B527495}.Debug|Any CPU.Build.0 = Debug|Any CPU
		{613DCD62-EEAE-4CF2-861F-16CE3B527495}.Release|Any CPU.ActiveCfg = Release|Any CPU
		{613DCD62-EEAE-4CF2-861F-16CE3B527495}.Release|Any CPU.Build.0 = Release|Any CPU
		{F1D1A1D5-9317-4B97-8015-A66834560BDA}.Debug|Any CPU.ActiveCfg = Debug|Any CPU
		{F1D1A1D5-9317-4B97-8015-A66834560BDA}.Debug|Any CPU.Build.0 = Debug|Any CPU
		{F1D1A1D5-9317-4B97-8015-A66834560BDA}.Release|Any CPU.ActiveCfg = Release|Any CPU
		{F1D1A1D5-9317-4B97-8015-A66834560BDA}.Release|Any CPU.Build.0 = Release|Any CPU
	EndGlobalSection
	GlobalSection(SolutionProperties) = preSolution
		HideSolutionNode = FALSE
	EndGlobalSection
	GlobalSection(ExtensibilityGlobals) = postSolution
		SolutionGuid = {6FA1456A-3305-4F78-8987-05F2F28B8065}
	EndGlobalSection
EndGlobal
