
Microsoft Visual Studio Solution File, Format Version 12.00
# Visual Studio Version 17
VisualStudioVersion = 17.9.34622.214
MinimumVisualStudioVersion = 10.0.40219.1
Project("{FAE04EC0-301F-11D3-BF4B-00C04F79EFBC}") = "Task1", "Task1.csproj", "{CF339FA6-15DE-4D7C-B6F6-C8C80618FF6D}"
EndProject
Project("{FAE04EC0-301F-11D3-BF4B-00C04F79EFBC}") = "TestTask1", "..\TestTask1\TestTask1.csproj", "{EE96F962-B407-4243-B239-D7B43BF224EA}"
EndProject
Global
	GlobalSection(SolutionConfigurationPlatforms) = preSolution
		Debug|Any CPU = Debug|Any CPU
		Release|Any CPU = Release|Any CPU
	EndGlobalSection
	GlobalSection(ProjectConfigurationPlatforms) = postSolution
		{CF339FA6-15DE-4D7C-B6F6-C8C80618FF6D}.Debug|Any CPU.ActiveCfg = Debug|Any CPU
		{CF339FA6-15DE-4D7C-B6F6-C8C80618FF6D}.Debug|Any CPU.Build.0 = Debug|Any CPU
		{CF339FA6-15DE-4D7C-B6F6-C8C80618FF6D}.Release|Any CPU.ActiveCfg = Release|Any CPU
		{CF339FA6-15DE-4D7C-B6F6-C8C80618FF6D}.Release|Any CPU.Build.0 = Release|Any CPU
		{EE96F962-B407-4243-B239-D7B43BF224EA}.Debug|Any CPU.ActiveCfg = Debug|Any CPU
		{EE96F962-B407-4243-B239-D7B43BF224EA}.Debug|Any CPU.Build.0 = Debug|Any CPU
		{EE96F962-B407-4243-B239-D7B43BF224EA}.Release|Any CPU.ActiveCfg = Release|Any CPU
		{EE96F962-B407-4243-B239-D7B43BF224EA}.Release|Any CPU.Build.0 = Release|Any CPU
	EndGlobalSection
	GlobalSection(SolutionProperties) = preSolution
		HideSolutionNode = FALSE
	EndGlobalSection
	GlobalSection(ExtensibilityGlobals) = postSolution
		SolutionGuid = {7DFD87C8-CEF5-431E-A36C-A70689BFE19A}
	EndGlobalSection
EndGlobal
